
Microsoft Visual Studio Solution File, Format Version 12.00
# Visual Studio Version 16
VisualStudioVersion = 16.0.29424.173
MinimumVisualStudioVersion = 10.0.40219.1
Project("{9A19103F-16F7-4668-BE54-9A1E7A4F7556}") = "CleanBrowsingClient", "CleanBrowsingClient\CleanBrowsingClient.csproj", "{60AB2E04-725F-41EC-8F07-2C633115E939}"
EndProject
Project("{FAE04EC0-301F-11D3-BF4B-00C04F79EFBC}") = "Uninstall", "Uninstall\Uninstall.csproj", "{6D2F3A05-D31B-474C-AD72-F01EC1B92D3E}"
EndProject
Global
	GlobalSection(SolutionConfigurationPlatforms) = preSolution
		Debug|Any CPU = Debug|Any CPU
		Debug|x64 = Debug|x64
		Debug|x86 = Debug|x86
		Release|Any CPU = Release|Any CPU
		Release|x64 = Release|x64
		Release|x86 = Release|x86
	EndGlobalSection
	GlobalSection(ProjectConfigurationPlatforms) = postSolution
		{60AB2E04-725F-41EC-8F07-2C633115E939}.Debug|Any CPU.ActiveCfg = Debug|x86
		{60AB2E04-725F-41EC-8F07-2C633115E939}.Debug|x64.ActiveCfg = Debug|x64
		{60AB2E04-725F-41EC-8F07-2C633115E939}.Debug|x64.Build.0 = Debug|x64
		{60AB2E04-725F-41EC-8F07-2C633115E939}.Debug|x86.ActiveCfg = Debug|x86
		{60AB2E04-725F-41EC-8F07-2C633115E939}.Debug|x86.Build.0 = Debug|x86
		{60AB2E04-725F-41EC-8F07-2C633115E939}.Release|Any CPU.ActiveCfg = Release|x86
		{60AB2E04-725F-41EC-8F07-2C633115E939}.Release|x64.ActiveCfg = Release|x64
		{60AB2E04-725F-41EC-8F07-2C633115E939}.Release|x64.Build.0 = Release|x64
		{60AB2E04-725F-41EC-8F07-2C633115E939}.Release|x86.ActiveCfg = Release|x86
		{60AB2E04-725F-41EC-8F07-2C633115E939}.Release|x86.Build.0 = Release|x86
		{6D2F3A05-D31B-474C-AD72-F01EC1B92D3E}.Debug|Any CPU.ActiveCfg = Debug|x86
		{6D2F3A05-D31B-474C-AD72-F01EC1B92D3E}.Debug|x64.ActiveCfg = Debug|x64
		{6D2F3A05-D31B-474C-AD72-F01EC1B92D3E}.Debug|x64.Build.0 = Debug|x64
		{6D2F3A05-D31B-474C-AD72-F01EC1B92D3E}.Debug|x86.ActiveCfg = Debug|x86
		{6D2F3A05-D31B-474C-AD72-F01EC1B92D3E}.Debug|x86.Build.0 = Debug|x86
		{6D2F3A05-D31B-474C-AD72-F01EC1B92D3E}.Release|Any CPU.ActiveCfg = Release|x86
		{6D2F3A05-D31B-474C-AD72-F01EC1B92D3E}.Release|x64.ActiveCfg = Release|x64
		{6D2F3A05-D31B-474C-AD72-F01EC1B92D3E}.Release|x64.Build.0 = Release|x64
		{6D2F3A05-D31B-474C-AD72-F01EC1B92D3E}.Release|x86.ActiveCfg = Release|x86
		{6D2F3A05-D31B-474C-AD72-F01EC1B92D3E}.Release|x86.Build.0 = Release|x86
	EndGlobalSection
	GlobalSection(SolutionProperties) = preSolution
		HideSolutionNode = FALSE
	EndGlobalSection
	GlobalSection(ExtensibilityGlobals) = postSolution
		SolutionGuid = {F7406F97-E03F-425B-A551-D55B876042A6}
	EndGlobalSection
EndGlobal
